// !$*UTF8*$!
{
	archiveVersion = 1;
	classes = {
	};
	objectVersion = 46;
	objects = {

/* Begin PBXBuildFile section */
		8D1FE73B1BC301EF005AE4BD /* statedictionary.plist in Resources */ = {isa = PBXBuildFile; fileRef = 8D1FE73A1BC301EF005AE4BD /* statedictionary.plist */; settings = {ASSET_TAGS = (); }; };
		8D1FE73E1BC33E63005AE4BD /* crunch.wav in Resources */ = {isa = PBXBuildFile; fileRef = 8D1FE73C1BC33E63005AE4BD /* crunch.wav */; settings = {ASSET_TAGS = (); }; };
		8D1FE73F1BC33E63005AE4BD /* win.wav in Resources */ = {isa = PBXBuildFile; fileRef = 8D1FE73D1BC33E63005AE4BD /* win.wav */; settings = {ASSET_TAGS = (); }; };
		8D8F8BFC1BC1AF08000D809E /* AppDelegate.swift in Sources */ = {isa = PBXBuildFile; fileRef = 8D8F8BFB1BC1AF08000D809E /* AppDelegate.swift */; };
		8D8F8BFE1BC1AF08000D809E /* ViewController.swift in Sources */ = {isa = PBXBuildFile; fileRef = 8D8F8BFD1BC1AF08000D809E /* ViewController.swift */; };
		8D8F8C011BC1AF08000D809E /* Main.storyboard in Resources */ = {isa = PBXBuildFile; fileRef = 8D8F8BFF1BC1AF08000D809E /* Main.storyboard */; };
		8D8F8C031BC1AF08000D809E /* Assets.xcassets in Resources */ = {isa = PBXBuildFile; fileRef = 8D8F8C021BC1AF08000D809E /* Assets.xcassets */; };
		8D8F8C061BC1AF08000D809E /* LaunchScreen.storyboard in Resources */ = {isa = PBXBuildFile; fileRef = 8D8F8C041BC1AF08000D809E /* LaunchScreen.storyboard */; };
		8D8F8C111BC1AF08000D809E /* PickersTests.swift in Sources */ = {isa = PBXBuildFile; fileRef = 8D8F8C101BC1AF08000D809E /* PickersTests.swift */; };
		8D8F8C1C1BC1AF08000D809E /* PickersUITests.swift in Sources */ = {isa = PBXBuildFile; fileRef = 8D8F8C1B1BC1AF08000D809E /* PickersUITests.swift */; };
		8D8F8C2A1BC1B06D000D809E /* DatePickerViewController.swift in Sources */ = {isa = PBXBuildFile; fileRef = 8D8F8C291BC1B06D000D809E /* DatePickerViewController.swift */; settings = {ASSET_TAGS = (); }; };
		8D8F8C2C1BC1B08D000D809E /* SingleComponentViewController.swift in Sources */ = {isa = PBXBuildFile; fileRef = 8D8F8C2B1BC1B08D000D809E /* SingleComponentViewController.swift */; settings = {ASSET_TAGS = (); }; };
		8D8F8C2E1BC1B0AC000D809E /* DoubleComponentPickerViewController.swift in Sources */ = {isa = PBXBuildFile; fileRef = 8D8F8C2D1BC1B0AC000D809E /* DoubleComponentPickerViewController.swift */; settings = {ASSET_TAGS = (); }; };
		8D8F8C301BC1B0C5000D809E /* DependentComponentPickerViewController.swift in Sources */ = {isa = PBXBuildFile; fileRef = 8D8F8C2F1BC1B0C5000D809E /* DependentComponentPickerViewController.swift */; settings = {ASSET_TAGS = (); }; };
		8D8F8C321BC1B0E4000D809E /* CustomPickerViewController.swift in Sources */ = {isa = PBXBuildFile; fileRef = 8D8F8C311BC1B0E4000D809E /* CustomPickerViewController.swift */; settings = {ASSET_TAGS = (); }; };
/* End PBXBuildFile section */

/* Begin PBXContainerItemProxy section */
		8D8F8C0D1BC1AF08000D809E /* PBXContainerItemProxy */ = {
			isa = PBXContainerItemProxy;
			containerPortal = 8D8F8BF01BC1AF08000D809E /* Project object */;
			proxyType = 1;
			remoteGlobalIDString = 8D8F8BF71BC1AF08000D809E;
			remoteInfo = Pickers;
		};
		8D8F8C181BC1AF08000D809E /* PBXContainerItemProxy */ = {
			isa = PBXContainerItemProxy;
			containerPortal = 8D8F8BF01BC1AF08000D809E /* Project object */;
			proxyType = 1;
			remoteGlobalIDString = 8D8F8BF71BC1AF08000D809E;
			remoteInfo = Pickers;
		};
/* End PBXContainerItemProxy section */

/* Begin PBXFileReference section */
		8D1FE73A1BC301EF005AE4BD /* statedictionary.plist */ = {isa = PBXFileReference; fileEncoding = 4; lastKnownFileType = text.plist.xml; path = statedictionary.plist; sourceTree = "<group>"; };
		8D1FE73C1BC33E63005AE4BD /* crunch.wav */ = {isa = PBXFileReference; lastKnownFileType = audio.wav; path = crunch.wav; sourceTree = "<group>"; };
		8D1FE73D1BC33E63005AE4BD /* win.wav */ = {isa = PBXFileReference; lastKnownFileType = audio.wav; path = win.wav; sourceTree = "<group>"; };
		8D8F8BF81BC1AF08000D809E /* Pickers.app */ = {isa = PBXFileReference; explicitFileType = wrapper.application; includeInIndex = 0; path = Pickers.app; sourceTree = BUILT_PRODUCTS_DIR; };
		8D8F8BFB1BC1AF08000D809E /* AppDelegate.swift */ = {isa = PBXFileReference; lastKnownFileType = sourcecode.swift; path = AppDelegate.swift; sourceTree = "<group>"; };
		8D8F8BFD1BC1AF08000D809E /* ViewController.swift */ = {isa = PBXFileReference; lastKnownFileType = sourcecode.swift; path = ViewController.swift; sourceTree = "<group>"; };
		8D8F8C001BC1AF08000D809E /* Base */ = {isa = PBXFileReference; lastKnownFileType = file.storyboard; name = Base; path = Base.lproj/Main.storyboard; sourceTree = "<group>"; };
		8D8F8C021BC1AF08000D809E /* Assets.xcassets */ = {isa = PBXFileReference; lastKnownFileType = folder.assetcatalog; path = Assets.xcassets; sourceTree = "<group>"; };
		8D8F8C051BC1AF08000D809E /* Base */ = {isa = PBXFileReference; lastKnownFileType = file.storyboard; name = Base; path = Base.lproj/LaunchScreen.storyboard; sourceTree = "<group>"; };
		8D8F8C071BC1AF08000D809E /* Info.plist */ = {isa = PBXFileReference; lastKnownFileType = text.plist.xml; path = Info.plist; sourceTree = "<group>"; };
		8D8F8C0C1BC1AF08000D809E /* PickersTests.xctest */ = {isa = PBXFileReference; explicitFileType = wrapper.cfbundle; includeInIndex = 0; path = PickersTests.xctest; sourceTree = BUILT_PRODUCTS_DIR; };
		8D8F8C101BC1AF08000D809E /* PickersTests.swift */ = {isa = PBXFileReference; lastKnownFileType = sourcecode.swift; path = PickersTests.swift; sourceTree = "<group>"; };
		8D8F8C121BC1AF08000D809E /* Info.plist */ = {isa = PBXFileReference; lastKnownFileType = text.plist.xml; path = Info.plist; sourceTree = "<group>"; };
		8D8F8C171BC1AF08000D809E /* PickersUITests.xctest */ = {isa = PBXFileReference; explicitFileType = wrapper.cfbundle; includeInIndex = 0; path = PickersUITests.xctest; sourceTree = BUILT_PRODUCTS_DIR; };
		8D8F8C1B1BC1AF08000D809E /* PickersUITests.swift */ = {isa = PBXFileReference; lastKnownFileType = sourcecode.swift; path = PickersUITests.swift; sourceTree = "<group>"; };
		8D8F8C1D1BC1AF08000D809E /* Info.plist */ = {isa = PBXFileReference; lastKnownFileType = text.plist.xml; path = Info.plist; sourceTree = "<group>"; };
		8D8F8C291BC1B06D000D809E /* DatePickerViewController.swift */ = {isa = PBXFileReference; fileEncoding = 4; lastKnownFileType = sourcecode.swift; path = DatePickerViewController.swift; sourceTree = "<group>"; };
		8D8F8C2B1BC1B08D000D809E /* SingleComponentViewController.swift */ = {isa = PBXFileReference; fileEncoding = 4; lastKnownFileType = sourcecode.swift; path = SingleComponentViewController.swift; sourceTree = "<group>"; };
		8D8F8C2D1BC1B0AC000D809E /* DoubleComponentPickerViewController.swift */ = {isa = PBXFileReference; fileEncoding = 4; lastKnownFileType = sourcecode.swift; path = DoubleComponentPickerViewController.swift; sourceTree = "<group>"; };
		8D8F8C2F1BC1B0C5000D809E /* DependentComponentPickerViewController.swift */ = {isa = PBXFileReference; fileEncoding = 4; lastKnownFileType = sourcecode.swift; path = DependentComponentPickerViewController.swift; sourceTree = "<group>"; };
		8D8F8C311BC1B0E4000D809E /* CustomPickerViewController.swift */ = {isa = PBXFileReference; fileEncoding = 4; lastKnownFileType = sourcecode.swift; path = CustomPickerViewController.swift; sourceTree = "<group>"; };
/* End PBXFileReference section */

/* Begin PBXFrameworksBuildPhase section */
		8D8F8BF51BC1AF08000D809E /* Frameworks */ = {
			isa = PBXFrameworksBuildPhase;
			buildActionMask = 2147483647;
			files = (
			);
			runOnlyForDeploymentPostprocessing = 0;
		};
		8D8F8C091BC1AF08000D809E /* Frameworks */ = {
			isa = PBXFrameworksBuildPhase;
			buildActionMask = 2147483647;
			files = (
			);
			runOnlyForDeploymentPostprocessing = 0;
		};
		8D8F8C141BC1AF08000D809E /* Frameworks */ = {
			isa = PBXFrameworksBuildPhase;
			buildActionMask = 2147483647;
			files = (
			);
			runOnlyForDeploymentPostprocessing = 0;
		};
/* End PBXFrameworksBuildPhase section */

/* Begin PBXGroup section */
		8D8F8BEF1BC1AF08000D809E = {
			isa = PBXGroup;
			children = (
				8D8F8BFA1BC1AF08000D809E /* Pickers */,
				8D8F8C0F1BC1AF08000D809E /* PickersTests */,
				8D8F8C1A1BC1AF08000D809E /* PickersUITests */,
				8D8F8BF91BC1AF08000D809E /* Products */,
			);
			sourceTree = "<group>";
		};
		8D8F8BF91BC1AF08000D809E /* Products */ = {
			isa = PBXGroup;
			children = (
				8D8F8BF81BC1AF08000D809E /* Pickers.app */,
				8D8F8C0C1BC1AF08000D809E /* PickersTests.xctest */,
				8D8F8C171BC1AF08000D809E /* PickersUITests.xctest */,
			);
			name = Products;
			sourceTree = "<group>";
		};
		8D8F8BFA1BC1AF08000D809E /* Pickers */ = {
			isa = PBXGroup;
			children = (
				8D1FE73C1BC33E63005AE4BD /* crunch.wav */,
				8D1FE73D1BC33E63005AE4BD /* win.wav */,
				8D1FE73A1BC301EF005AE4BD /* statedictionary.plist */,
				8D8F8BFB1BC1AF08000D809E /* AppDelegate.swift */,
				8D8F8BFD1BC1AF08000D809E /* ViewController.swift */,
				8D8F8BFF1BC1AF08000D809E /* Main.storyboard */,
				8D8F8C021BC1AF08000D809E /* Assets.xcassets */,
				8D8F8C041BC1AF08000D809E /* LaunchScreen.storyboard */,
				8D8F8C071BC1AF08000D809E /* Info.plist */,
				8D8F8C291BC1B06D000D809E /* DatePickerViewController.swift */,
				8D8F8C2B1BC1B08D000D809E /* SingleComponentViewController.swift */,
				8D8F8C2D1BC1B0AC000D809E /* DoubleComponentPickerViewController.swift */,
				8D8F8C2F1BC1B0C5000D809E /* DependentComponentPickerViewController.swift */,
				8D8F8C311BC1B0E4000D809E /* CustomPickerViewController.swift */,
			);
			path = Pickers;
			sourceTree = "<group>";
		};
		8D8F8C0F1BC1AF08000D809E /* PickersTests */ = {
			isa = PBXGroup;
			children = (
				8D8F8C101BC1AF08000D809E /* PickersTests.swift */,
				8D8F8C121BC1AF08000D809E /* Info.plist */,
			);
			path = PickersTests;
			sourceTree = "<group>";
		};
		8D8F8C1A1BC1AF08000D809E /* PickersUITests */ = {
			isa = PBXGroup;
			children = (
				8D8F8C1B1BC1AF08000D809E /* PickersUITests.swift */,
				8D8F8C1D1BC1AF08000D809E /* Info.plist */,
			);
			path = PickersUITests;
			sourceTree = "<group>";
		};
/* End PBXGroup section */

/* Begin PBXNativeTarget section */
		8D8F8BF71BC1AF08000D809E /* Pickers */ = {
			isa = PBXNativeTarget;
			buildConfigurationList = 8D8F8C201BC1AF08000D809E /* Build configuration list for PBXNativeTarget "Pickers" */;
			buildPhases = (
				8D8F8BF41BC1AF08000D809E /* Sources */,
				8D8F8BF51BC1AF08000D809E /* Frameworks */,
				8D8F8BF61BC1AF08000D809E /* Resources */,
			);
			buildRules = (
			);
			dependencies = (
			);
			name = Pickers;
			productName = Pickers;
			productReference = 8D8F8BF81BC1AF08000D809E /* Pickers.app */;
			productType = "com.apple.product-type.application";
		};
		8D8F8C0B1BC1AF08000D809E /* PickersTests */ = {
			isa = PBXNativeTarget;
			buildConfigurationList = 8D8F8C231BC1AF08000D809E /* Build configuration list for PBXNativeTarget "PickersTests" */;
			buildPhases = (
				8D8F8C081BC1AF08000D809E /* Sources */,
				8D8F8C091BC1AF08000D809E /* Frameworks */,
				8D8F8C0A1BC1AF08000D809E /* Resources */,
			);
			buildRules = (
			);
			dependencies = (
				8D8F8C0E1BC1AF08000D809E /* PBXTargetDependency */,
			);
			name = PickersTests;
			productName = PickersTests;
			productReference = 8D8F8C0C1BC1AF08000D809E /* PickersTests.xctest */;
			productType = "com.apple.product-type.bundle.unit-test";
		};
		8D8F8C161BC1AF08000D809E /* PickersUITests */ = {
			isa = PBXNativeTarget;
			buildConfigurationList = 8D8F8C261BC1AF08000D809E /* Build configuration list for PBXNativeTarget "PickersUITests" */;
			buildPhases = (
				8D8F8C131BC1AF08000D809E /* Sources */,
				8D8F8C141BC1AF08000D809E /* Frameworks */,
				8D8F8C151BC1AF08000D809E /* Resources */,
			);
			buildRules = (
			);
			dependencies = (
				8D8F8C191BC1AF08000D809E /* PBXTargetDependency */,
			);
			name = PickersUITests;
			productName = PickersUITests;
			productReference = 8D8F8C171BC1AF08000D809E /* PickersUITests.xctest */;
			productType = "com.apple.product-type.bundle.ui-testing";
		};
/* End PBXNativeTarget section */

/* Begin PBXProject section */
		8D8F8BF01BC1AF08000D809E /* Project object */ = {
			isa = PBXProject;
			attributes = {
				LastUpgradeCheck = 0700;
				ORGANIZATIONNAME = "LAURA LUCRECIA SANCHEZ PADILLA";
				TargetAttributes = {
					8D8F8BF71BC1AF08000D809E = {
						CreatedOnToolsVersion = 7.0;
					};
					8D8F8C0B1BC1AF08000D809E = {
						CreatedOnToolsVersion = 7.0;
						TestTargetID = 8D8F8BF71BC1AF08000D809E;
					};
					8D8F8C161BC1AF08000D809E = {
						CreatedOnToolsVersion = 7.0;
						TestTargetID = 8D8F8BF71BC1AF08000D809E;
					};
				};
			};
			buildConfigurationList = 8D8F8BF31BC1AF08000D809E /* Build configuration list for PBXProject "Pickers" */;
			compatibilityVersion = "Xcode 3.2";
			developmentRegion = English;
			hasScannedForEncodings = 0;
			knownRegions = (
				en,
				Base,
			);
			mainGroup = 8D8F8BEF1BC1AF08000D809E;
			productRefGroup = 8D8F8BF91BC1AF08000D809E /* Products */;
			projectDirPath = "";
			projectRoot = "";
			targets = (
				8D8F8BF71BC1AF08000D809E /* Pickers */,
				8D8F8C0B1BC1AF08000D809E /* PickersTests */,
				8D8F8C161BC1AF08000D809E /* PickersUITests */,
			);
		};
/* End PBXProject section */

/* Begin PBXResourcesBuildPhase section */
		8D8F8BF61BC1AF08000D809E /* Resources */ = {
			isa = PBXResourcesBuildPhase;
			buildActionMask = 2147483647;
			files = (
				8D1FE73E1BC33E63005AE4BD /* crunch.wav in Resources */,
				8D8F8C061BC1AF08000D809E /* LaunchScreen.storyboard in Resources */,
				8D8F8C031BC1AF08000D809E /* Assets.xcassets in Resources */,
				8D1FE73F1BC33E63005AE4BD /* win.wav in Resources */,
				8D1FE73B1BC301EF005AE4BD /* statedictionary.plist in Resources */,
				8D8F8C011BC1AF08000D809E /* Main.storyboard in Resources */,
			);
			runOnlyForDeploymentPostprocessing = 0;
		};
		8D8F8C0A1BC1AF08000D809E /* Resources */ = {
			isa = PBXResourcesBuildPhase;
			buildActionMask = 2147483647;
			files = (
			);
			runOnlyForDeploymentPostprocessing = 0;
		};
		8D8F8C151BC1AF08000D809E /* Resources */ = {
			isa = PBXResourcesBuildPhase;
			buildActionMask = 2147483647;
			files = (
			);
			runOnlyForDeploymentPostprocessing = 0;
		};
/* End PBXResourcesBuildPhase section */

/* Begin PBXSourcesBuildPhase section */
		8D8F8BF41BC1AF08000D809E /* Sources */ = {
			isa = PBXSourcesBuildPhase;
			buildActionMask = 2147483647;
			files = (
				8D8F8BFE1BC1AF08000D809E /* ViewController.swift in Sources */,
				8D8F8BFC1BC1AF08000D809E /* AppDelegate.swift in Sources */,
				8D8F8C301BC1B0C5000D809E /* DependentComponentPickerViewController.swift in Sources */,
				8D8F8C2E1BC1B0AC000D809E /* DoubleComponentPickerViewController.swift in Sources */,
				8D8F8C321BC1B0E4000D809E /* CustomPickerViewController.swift in Sources */,
				8D8F8C2C1BC1B08D000D809E /* SingleComponentViewController.swift in Sources */,
				8D8F8C2A1BC1B06D000D809E /* DatePickerViewController.swift in Sources */,
			);
			runOnlyForDeploymentPostprocessing = 0;
		};
		8D8F8C081BC1AF08000D809E /* Sources */ = {
			isa = PBXSourcesBuildPhase;
			buildActionMask = 2147483647;
			files = (
				8D8F8C111BC1AF08000D809E /* PickersTests.swift in Sources */,
			);
			runOnlyForDeploymentPostprocessing = 0;
		};
		8D8F8C131BC1AF08000D809E /* Sources */ = {
			isa = PBXSourcesBuildPhase;
			buildActionMask = 2147483647;
			files = (
				8D8F8C1C1BC1AF08000D809E /* PickersUITests.swift in Sources */,
			);
			runOnlyForDeploymentPostprocessing = 0;
		};
/* End PBXSourcesBuildPhase section */

/* Begin PBXTargetDependency section */
		8D8F8C0E1BC1AF08000D809E /* PBXTargetDependency */ = {
			isa = PBXTargetDependency;
			target = 8D8F8BF71BC1AF08000D809E /* Pickers */;
			targetProxy = 8D8F8C0D1BC1AF08000D809E /* PBXContainerItemProxy */;
		};
		8D8F8C191BC1AF08000D809E /* PBXTargetDependency */ = {
			isa = PBXTargetDependency;
			target = 8D8F8BF71BC1AF08000D809E /* Pickers */;
			targetProxy = 8D8F8C181BC1AF08000D809E /* PBXContainerItemProxy */;
		};
/* End PBXTargetDependency section */

/* Begin PBXVariantGroup section */
		8D8F8BFF1BC1AF08000D809E /* Main.storyboard */ = {
			isa = PBXVariantGroup;
			children = (
				8D8F8C001BC1AF08000D809E /* Base */,
			);
			name = Main.storyboard;
			sourceTree = "<group>";
		};
		8D8F8C041BC1AF08000D809E /* LaunchScreen.storyboard */ = {
			isa = PBXVariantGroup;
			children = (
				8D8F8C051BC1AF08000D809E /* Base */,
			);
			name = LaunchScreen.storyboard;
			sourceTree = "<group>";
		};
/* End PBXVariantGroup section */

/* Begin XCBuildConfiguration section */
		8D8F8C1E1BC1AF08000D809E /* Debug */ = {
			isa = XCBuildConfiguration;
			buildSettings = {
				ALWAYS_SEARCH_USER_PATHS = NO;
				CLANG_CXX_LANGUAGE_STANDARD = "gnu++0x";
				CLANG_CXX_LIBRARY = "libc++";
				CLANG_ENABLE_MODULES = YES;
				CLANG_ENABLE_OBJC_ARC = YES;
				CLANG_WARN_BOOL_CONVERSION = YES;
				CLANG_WARN_CONSTANT_CONVERSION = YES;
				CLANG_WARN_DIRECT_OBJC_ISA_USAGE = YES_ERROR;
				CLANG_WARN_EMPTY_BODY = YES;
				CLANG_WARN_ENUM_CONVERSION = YES;
				CLANG_WARN_INT_CONVERSION = YES;
				CLANG_WARN_OBJC_ROOT_CLASS = YES_ERROR;
				CLANG_WARN_UNREACHABLE_CODE = YES;
				CLANG_WARN__DUPLICATE_METHOD_MATCH = YES;
				"CODE_SIGN_IDENTITY[sdk=iphoneos*]" = "iPhone Developer";
				COPY_PHASE_STRIP = NO;
				DEBUG_INFORMATION_FORMAT = dwarf;
				ENABLE_STRICT_OBJC_MSGSEND = YES;
				ENABLE_TESTABILITY = YES;
				GCC_C_LANGUAGE_STANDARD = gnu99;
				GCC_DYNAMIC_NO_PIC = NO;
				GCC_NO_COMMON_BLOCKS = YES;
				GCC_OPTIMIZATION_LEVEL = 0;
				GCC_PREPROCESSOR_DEFINITIONS = (
					"DEBUG=1",
					"$(inherited)",
				);
				GCC_WARN_64_TO_32_BIT_CONVERSION = YES;
				GCC_WARN_ABOUT_RETURN_TYPE = YES_ERROR;
				GCC_WARN_UNDECLARED_SELECTOR = YES;
				GCC_WARN_UNINITIALIZED_AUTOS = YES_AGGRESSIVE;
				GCC_WARN_UNUSED_FUNCTION = YES;
				GCC_WARN_UNUSED_VARIABLE = YES;
				IPHONEOS_DEPLOYMENT_TARGET = 9.0;
				MTL_ENABLE_DEBUG_INFO = YES;
				ONLY_ACTIVE_ARCH = YES;
				SDKROOT = iphoneos;
				SWIFT_OPTIMIZATION_LEVEL = "-Onone";
				TARGETED_DEVICE_FAMILY = "1,2";
			};
			name = Debug;
		};
		8D8F8C1F1BC1AF08000D809E /* Release */ = {
			isa = XCBuildConfiguration;
			buildSettings = {
				ALWAYS_SEARCH_USER_PATHS = NO;
				CLANG_CXX_LANGUAGE_STANDARD = "gnu++0x";
				CLANG_CXX_LIBRARY = "libc++";
				CLANG_ENABLE_MODULES = YES;
				CLANG_ENABLE_OBJC_ARC = YES;
				CLANG_WARN_BOOL_CONVERSION = YES;
				CLANG_WARN_CONSTANT_CONVERSION = YES;
				CLANG_WARN_DIRECT_OBJC_ISA_USAGE = YES_ERROR;
				CLANG_WARN_EMPTY_BODY = YES;
				CLANG_WARN_ENUM_CONVERSION = YES;
				CLANG_WARN_INT_CONVERSION = YES;
				CLANG_WARN_OBJC_ROOT_CLASS = YES_ERROR;
				CLANG_WARN_UNREACHABLE_CODE = YES;
				CLANG_WARN__DUPLICATE_METHOD_MATCH = YES;
				"CODE_SIGN_IDENTITY[sdk=iphoneos*]" = "iPhone Developer";
				COPY_PHASE_STRIP = NO;
				DEBUG_INFORMATION_FORMAT = "dwarf-with-dsym";
				ENABLE_NS_ASSERTIONS = NO;
				ENABLE_STRICT_OBJC_MSGSEND = YES;
				GCC_C_LANGUAGE_STANDARD = gnu99;
				GCC_NO_COMMON_BLOCKS = YES;
				GCC_WARN_64_TO_32_BIT_CONVERSION = YES;
				GCC_WARN_ABOUT_RETURN_TYPE = YES_ERROR;
				GCC_WARN_UNDECLARED_SELECTOR = YES;
				GCC_WARN_UNINITIALIZED_AUTOS = YES_AGGRESSIVE;
				GCC_WARN_UNUSED_FUNCTION = YES;
				GCC_WARN_UNUSED_VARIABLE = YES;
				IPHONEOS_DEPLOYMENT_TARGET = 9.0;
				MTL_ENABLE_DEBUG_INFO = NO;
				SDKROOT = iphoneos;
				TARGETED_DEVICE_FAMILY = "1,2";
				VALIDATE_PRODUCT = YES;
			};
			name = Release;
		};
		8D8F8C211BC1AF08000D809E /* Debug */ = {
			isa = XCBuildConfiguration;
			buildSettings = {
				ASSETCATALOG_COMPILER_APPICON_NAME = AppIcon;
				INFOPLIST_FILE = Pickers/Info.plist;
				LD_RUNPATH_SEARCH_PATHS = "$(inherited) @executable_path/Frameworks";
				PRODUCT_BUNDLE_IDENTIFIER = mx.itesm.ccm.Pickers;
				PRODUCT_NAME = "$(TARGET_NAME)";
			};
			name = Debug;
		};
		8D8F8C221BC1AF08000D809E /* Release */ = {
			isa = XCBuildConfiguration;
			buildSettings = {
				ASSETCATALOG_COMPILER_APPICON_NAME = AppIcon;
				INFOPLIST_FILE = Pickers/Info.plist;
				LD_RUNPATH_SEARCH_PATHS = "$(inherited) @executable_path/Frameworks";
				PRODUCT_BUNDLE_IDENTIFIER = mx.itesm.ccm.Pickers;
				PRODUCT_NAME = "$(TARGET_NAME)";
			};
			name = Release;
		};
		8D8F8C241BC1AF08000D809E /* Debug */ = {
			isa = XCBuildConfiguration;
			buildSettings = {
				BUNDLE_LOADER = "$(TEST_HOST)";
				INFOPLIST_FILE = PickersTests/Info.plist;
				LD_RUNPATH_SEARCH_PATHS = "$(inherited) @executable_path/Frameworks @loader_path/Frameworks";
				PRODUCT_BUNDLE_IDENTIFIER = mx.itesm.ccm.PickersTests;
				PRODUCT_NAME = "$(TARGET_NAME)";
				TEST_HOST = "$(BUILT_PRODUCTS_DIR)/Pickers.app/Pickers";
			};
			name = Debug;
		};
		8D8F8C251BC1AF08000D809E /* Release */ = {
			isa = XCBuildConfiguration;
			buildSettings = {
				BUNDLE_LOADER = "$(TEST_HOST)";
				INFOPLIST_FILE = PickersTests/Info.plist;
				LD_RUNPATH_SEARCH_PATHS = "$(inherited) @executable_path/Frameworks @loader_path/Frameworks";
				PRODUCT_BUNDLE_IDENTIFIER = mx.itesm.ccm.PickersTests;
				PRODUCT_NAME = "$(TARGET_NAME)";
				TEST_HOST = "$(BUILT_PRODUCTS_DIR)/Pickers.app/Pickers";
			};
			name = Release;
		};
		8D8F8C271BC1AF08000D809E /* Debug */ = {
			isa = XCBuildConfiguration;
			buildSettings = {
				INFOPLIST_FILE = PickersUITests/Info.plist;
				LD_RUNPATH_SEARCH_PATHS = "$(inherited) @executable_path/Frameworks @loader_path/Frameworks";
				PRODUCT_BUNDLE_IDENTIFIER = mx.itesm.ccm.PickersUITests;
				PRODUCT_NAME = "$(TARGET_NAME)";
				TEST_TARGET_NAME = Pickers;
				USES_XCTRUNNER = YES;
			};
			name = Debug;
		};
		8D8F8C281BC1AF08000D809E /* Release */ = {
			isa = XCBuildConfiguration;
			buildSettings = {
				INFOPLIST_FILE = PickersUITests/Info.plist;
				LD_RUNPATH_SEARCH_PATHS = "$(inherited) @executable_path/Frameworks @loader_path/Frameworks";
				PRODUCT_BUNDLE_IDENTIFIER = mx.itesm.ccm.PickersUITests;
				PRODUCT_NAME = "$(TARGET_NAME)";
				TEST_TARGET_NAME = Pickers;
				USES_XCTRUNNER = YES;
			};
			name = Release;
		};
/* End XCBuildConfiguration section */

/* Begin XCConfigurationList section */
		8D8F8BF31BC1AF08000D809E /* Build configuration list for PBXProject "Pickers" */ = {
			isa = XCConfigurationList;
			buildConfigurations = (
				8D8F8C1E1BC1AF08000D809E /* Debug */,
				8D8F8C1F1BC1AF08000D809E /* Release */,
			);
			defaultConfigurationIsVisible = 0;
			defaultConfigurationName = Release;
		};
		8D8F8C201BC1AF08000D809E /* Build configuration list for PBXNativeTarget "Pickers" */ = {
			isa = XCConfigurationList;
			buildConfigurations = (
				8D8F8C211BC1AF08000D809E /* Debug */,
				8D8F8C221BC1AF08000D809E /* Release */,
			);
			defaultConfigurationIsVisible = 0;
			defaultConfigurationName = Release;
		};
		8D8F8C231BC1AF08000D809E /* Build configuration list for PBXNativeTarget "PickersTests" */ = {
			isa = XCConfigurationList;
			buildConfigurations = (
				8D8F8C241BC1AF08000D809E /* Debug */,
				8D8F8C251BC1AF08000D809E /* Release */,
			);
			defaultConfigurationIsVisible = 0;
			defaultConfigurationName = Release;
		};
		8D8F8C261BC1AF08000D809E /* Build configuration list for PBXNativeTarget "PickersUITests" */ = {
			isa = XCConfigurationList;
			buildConfigurations = (
				8D8F8C271BC1AF08000D809E /* Debug */,
				8D8F8C281BC1AF08000D809E /* Release */,
			);
			defaultConfigurationIsVisible = 0;
			defaultConfigurationName = Release;
		};
/* End XCConfigurationList section */
	};
	rootObject = 8D8F8BF01BC1AF08000D809E /* Project object */;
}
